
Microsoft Visual Studio Solution File, Format Version 12.00
Project("{FAE04EC0-301F-11D3-BF4B-00C04F79EFBC}") = "Simple", "Simple\Simple.csproj", "{9F1032B9-AEE4-413C-BB65-D3B72B71A588}"
EndProject
Global
	GlobalSection(SolutionConfigurationPlatforms) = preSolution
		Debug|Any CPU = Debug|Any CPU
		Release|Any CPU = Release|Any CPU
	EndGlobalSection
	GlobalSection(ProjectConfigurationPlatforms) = postSolution
		{9F1032B9-AEE4-413C-BB65-D3B72B71A588}.Debug|Any CPU.ActiveCfg = Debug|Any CPU
		{9F1032B9-AEE4-413C-BB65-D3B72B71A588}.Debug|Any CPU.Build.0 = Debug|Any CPU
		{9F1032B9-AEE4-413C-BB65-D3B72B71A588}.Release|Any CPU.ActiveCfg = Release|Any CPU
		{9F1032B9-AEE4-413C-BB65-D3B72B71A588}.Release|Any CPU.Build.0 = Release|Any CPU
	EndGlobalSection
EndGlobal
