
Microsoft Visual Studio Solution File, Format Version 12.00
Project("{FAE04EC0-301F-11D3-BF4B-00C04F79EFBC}") = "Infrastructure", "Infrastructure\Infrastructure.csproj", "{A9C4D464-8562-42A0-80F3-71435DD35FEC}"
EndProject
Project("{FAE04EC0-301F-11D3-BF4B-00C04F79EFBC}") = "Idempotency", "Idempotency\Idempotency.csproj", "{952D0807-A6CB-4163-B0D2-AFEAAF15AA20}"
EndProject
Global
	GlobalSection(SolutionConfigurationPlatforms) = preSolution
		Debug|Any CPU = Debug|Any CPU
		Release|Any CPU = Release|Any CPU
	EndGlobalSection
	GlobalSection(ProjectConfigurationPlatforms) = postSolution
		{A9C4D464-8562-42A0-80F3-71435DD35FEC}.Debug|Any CPU.ActiveCfg = Debug|Any CPU
		{A9C4D464-8562-42A0-80F3-71435DD35FEC}.Debug|Any CPU.Build.0 = Debug|Any CPU
		{A9C4D464-8562-42A0-80F3-71435DD35FEC}.Release|Any CPU.ActiveCfg = Release|Any CPU
		{A9C4D464-8562-42A0-80F3-71435DD35FEC}.Release|Any CPU.Build.0 = Release|Any CPU
		{952D0807-A6CB-4163-B0D2-AFEAAF15AA20}.Debug|Any CPU.ActiveCfg = Debug|Any CPU
		{952D0807-A6CB-4163-B0D2-AFEAAF15AA20}.Debug|Any CPU.Build.0 = Debug|Any CPU
		{952D0807-A6CB-4163-B0D2-AFEAAF15AA20}.Release|Any CPU.ActiveCfg = Release|Any CPU
		{952D0807-A6CB-4163-B0D2-AFEAAF15AA20}.Release|Any CPU.Build.0 = Release|Any CPU
	EndGlobalSection
EndGlobal
